
Microsoft Visual Studio Solution File, Format Version 12.00
# Visual Studio Version 17
VisualStudioVersion = 17.7.34031.279
MinimumVisualStudioVersion = 10.0.40219.1
Project("{FAE04EC0-301F-11D3-BF4B-00C04F79EFBC}") = "PracticaGit", "PracticaGit\PracticaGit.csproj", "{D8078DA2-45B3-4CE4-BEF8-A4EFA7898039}"
EndProject
Global
	GlobalSection(SolutionConfigurationPlatforms) = preSolution
		Debug|Any CPU = Debug|Any CPU
		Release|Any CPU = Release|Any CPU
	EndGlobalSection
	GlobalSection(ProjectConfigurationPlatforms) = postSolution
		{D8078DA2-45B3-4CE4-BEF8-A4EFA7898039}.Debug|Any CPU.ActiveCfg = Debug|Any CPU
		{D8078DA2-45B3-4CE4-BEF8-A4EFA7898039}.Debug|Any CPU.Build.0 = Debug|Any CPU
		{D8078DA2-45B3-4CE4-BEF8-A4EFA7898039}.Release|Any CPU.ActiveCfg = Release|Any CPU
		{D8078DA2-45B3-4CE4-BEF8-A4EFA7898039}.Release|Any CPU.Build.0 = Release|Any CPU
	EndGlobalSection
	GlobalSection(SolutionProperties) = preSolution
		HideSolutionNode = FALSE
	EndGlobalSection
	GlobalSection(ExtensibilityGlobals) = postSolution
		SolutionGuid = {F1BF7992-A2E6-4223-B3C9-6E91E008E1DA}
	EndGlobalSection
EndGlobal
